// !$*UTF8*$!
{
	archiveVersion = 1;
	classes = {
	};
	objectVersion = 50;
	objects = {

/* Begin PBXBuildFile section */
		3ECBA4E225555D9500F248FC /* AppDelegate.swift in Sources */ = {isa = PBXBuildFile; fileRef = 3ECBA4E125555D9500F248FC /* AppDelegate.swift */; };
		3ECBA4E425555D9500F248FC /* SceneDelegate.swift in Sources */ = {isa = PBXBuildFile; fileRef = 3ECBA4E325555D9500F248FC /* SceneDelegate.swift */; };
		3ECBA4E625555D9500F248FC /* ViewController.swift in Sources */ = {isa = PBXBuildFile; fileRef = 3ECBA4E525555D9500F248FC /* ViewController.swift */; };
		3ECBA4E925555D9500F248FC /* Main.storyboard in Resources */ = {isa = PBXBuildFile; fileRef = 3ECBA4E725555D9500F248FC /* Main.storyboard */; };
		3ECBA4EB25555D9D00F248FC /* Assets.xcassets in Resources */ = {isa = PBXBuildFile; fileRef = 3ECBA4EA25555D9D00F248FC /* Assets.xcassets */; };
		3ECBA4EE25555D9D00F248FC /* LaunchScreen.storyboard in Resources */ = {isa = PBXBuildFile; fileRef = 3ECBA4EC25555D9D00F248FC /* LaunchScreen.storyboard */; };
		3ECBA5232555977300F248FC /* SignupFormModelValidatorTests.swift in Sources */ = {isa = PBXBuildFile; fileRef = 3ECBA5222555977300F248FC /* SignupFormModelValidatorTests.swift */; };
		3ECBA52B2555988B00F248FC /* SignupFormModelValidatorTests.swift in Sources */ = {isa = PBXBuildFile; fileRef = 3ECBA52A2555988B00F248FC /* SignupFormModelValidatorTests.swift */; };
/* End PBXBuildFile section */

/* Begin PBXContainerItemProxy section */
		3ECBA4F525555D9D00F248FC /* PBXContainerItemProxy */ = {
			isa = PBXContainerItemProxy;
			containerPortal = 3ECBA4D625555D9500F248FC /* Project object */;
			proxyType = 1;
			remoteGlobalIDString = 3ECBA4DD25555D9500F248FC;
			remoteInfo = "Photo-app";
		};
/* End PBXContainerItemProxy section */

/* Begin PBXFileReference section */
		3ECBA4DE25555D9500F248FC /* Photo-app.app */ = {isa = PBXFileReference; explicitFileType = wrapper.application; includeInIndex = 0; path = "Photo-app.app"; sourceTree = BUILT_PRODUCTS_DIR; };
		3ECBA4E125555D9500F248FC /* AppDelegate.swift */ = {isa = PBXFileReference; lastKnownFileType = sourcecode.swift; path = AppDelegate.swift; sourceTree = "<group>"; };
		3ECBA4E325555D9500F248FC /* SceneDelegate.swift */ = {isa = PBXFileReference; lastKnownFileType = sourcecode.swift; path = SceneDelegate.swift; sourceTree = "<group>"; };
		3ECBA4E525555D9500F248FC /* ViewController.swift */ = {isa = PBXFileReference; lastKnownFileType = sourcecode.swift; path = ViewController.swift; sourceTree = "<group>"; };
		3ECBA4E825555D9500F248FC /* Base */ = {isa = PBXFileReference; lastKnownFileType = file.storyboard; name = Base; path = Base.lproj/Main.storyboard; sourceTree = "<group>"; };
		3ECBA4EA25555D9D00F248FC /* Assets.xcassets */ = {isa = PBXFileReference; lastKnownFileType = folder.assetcatalog; path = Assets.xcassets; sourceTree = "<group>"; };
		3ECBA4ED25555D9D00F248FC /* Base */ = {isa = PBXFileReference; lastKnownFileType = file.storyboard; name = Base; path = Base.lproj/LaunchScreen.storyboard; sourceTree = "<group>"; };
		3ECBA4EF25555D9D00F248FC /* Info.plist */ = {isa = PBXFileReference; lastKnownFileType = text.plist.xml; path = Info.plist; sourceTree = "<group>"; };
		3ECBA4F425555D9D00F248FC /* Photo-appTests.xctest */ = {isa = PBXFileReference; explicitFileType = wrapper.cfbundle; includeInIndex = 0; path = "Photo-appTests.xctest"; sourceTree = BUILT_PRODUCTS_DIR; };
		3ECBA4FA25555D9D00F248FC /* Info.plist */ = {isa = PBXFileReference; lastKnownFileType = text.plist.xml; path = Info.plist; sourceTree = "<group>"; };
		3ECBA5222555977300F248FC /* SignupFormModelValidatorTests.swift */ = {isa = PBXFileReference; lastKnownFileType = sourcecode.swift; path = SignupFormModelValidatorTests.swift; sourceTree = "<group>"; };
		3ECBA52A2555988B00F248FC /* SignupFormModelValidatorTests.swift */ = {isa = PBXFileReference; lastKnownFileType = sourcecode.swift; path = SignupFormModelValidatorTests.swift; sourceTree = "<group>"; };
/* End PBXFileReference section */

/* Begin PBXFrameworksBuildPhase section */
		3ECBA4DB25555D9500F248FC /* Frameworks */ = {
			isa = PBXFrameworksBuildPhase;
			buildActionMask = 2147483647;
			files = (
			);
			runOnlyForDeploymentPostprocessing = 0;
		};
		3ECBA4F125555D9D00F248FC /* Frameworks */ = {
			isa = PBXFrameworksBuildPhase;
			buildActionMask = 2147483647;
			files = (
			);
			runOnlyForDeploymentPostprocessing = 0;
		};
/* End PBXFrameworksBuildPhase section */

/* Begin PBXGroup section */
		3ECBA4D525555D9500F248FC = {
			isa = PBXGroup;
			children = (
				3ECBA4E025555D9500F248FC /* Photo-app */,
				3ECBA4F725555D9D00F248FC /* Photo-appTests */,
				3ECBA4DF25555D9500F248FC /* Products */,
			);
			sourceTree = "<group>";
		};
		3ECBA4DF25555D9500F248FC /* Products */ = {
			isa = PBXGroup;
			children = (
				3ECBA4DE25555D9500F248FC /* Photo-app.app */,
				3ECBA4F425555D9D00F248FC /* Photo-appTests.xctest */,
			);
			name = Products;
			sourceTree = "<group>";
		};
		3ECBA4E025555D9500F248FC /* Photo-app */ = {
			isa = PBXGroup;
			children = (
				3ECBA4E125555D9500F248FC /* AppDelegate.swift */,
				3ECBA4E325555D9500F248FC /* SceneDelegate.swift */,
				3ECBA4E525555D9500F248FC /* ViewController.swift */,
				3ECBA4E725555D9500F248FC /* Main.storyboard */,
				3ECBA4EA25555D9D00F248FC /* Assets.xcassets */,
				3ECBA4EC25555D9D00F248FC /* LaunchScreen.storyboard */,
				3ECBA4EF25555D9D00F248FC /* Info.plist */,
				3ECBA52A2555988B00F248FC /* SignupFormModelValidatorTests.swift */,
			);
			path = "Photo-app";
			sourceTree = "<group>";
		};
		3ECBA4F725555D9D00F248FC /* Photo-appTests */ = {
			isa = PBXGroup;
			children = (
				3ECBA4FA25555D9D00F248FC /* Info.plist */,
				3ECBA5222555977300F248FC /* SignupFormModelValidatorTests.swift */,
			);
			path = "Photo-appTests";
			sourceTree = "<group>";
		};
/* End PBXGroup section */

/* Begin PBXNativeTarget section */
		3ECBA4DD25555D9500F248FC /* Photo-app */ = {
			isa = PBXNativeTarget;
			buildConfigurationList = 3ECBA50825555D9D00F248FC /* Build configuration list for PBXNativeTarget "Photo-app" */;
			buildPhases = (
				3ECBA4DA25555D9500F248FC /* Sources */,
				3ECBA4DB25555D9500F248FC /* Frameworks */,
				3ECBA4DC25555D9500F248FC /* Resources */,
			);
			buildRules = (
			);
			dependencies = (
			);
			name = "Photo-app";
			productName = "Photo-app";
			productReference = 3ECBA4DE25555D9500F248FC /* Photo-app.app */;
			productType = "com.apple.product-type.application";
		};
		3ECBA4F325555D9D00F248FC /* Photo-appTests */ = {
			isa = PBXNativeTarget;
			buildConfigurationList = 3ECBA50B25555D9D00F248FC /* Build configuration list for PBXNativeTarget "Photo-appTests" */;
			buildPhases = (
				3ECBA4F025555D9D00F248FC /* Sources */,
				3ECBA4F125555D9D00F248FC /* Frameworks */,
				3ECBA4F225555D9D00F248FC /* Resources */,
			);
			buildRules = (
			);
			dependencies = (
				3ECBA4F625555D9D00F248FC /* PBXTargetDependency */,
			);
			name = "Photo-appTests";
			productName = "Photo-appTests";
			productReference = 3ECBA4F425555D9D00F248FC /* Photo-appTests.xctest */;
			productType = "com.apple.product-type.bundle.unit-test";
		};
/* End PBXNativeTarget section */

/* Begin PBXProject section */
		3ECBA4D625555D9500F248FC /* Project object */ = {
			isa = PBXProject;
			attributes = {
				LastSwiftUpdateCheck = 1210;
				LastUpgradeCheck = 1210;
				TargetAttributes = {
					3ECBA4DD25555D9500F248FC = {
						CreatedOnToolsVersion = 12.1;
					};
					3ECBA4F325555D9D00F248FC = {
						CreatedOnToolsVersion = 12.1;
						LastSwiftMigration = 1210;
						TestTargetID = 3ECBA4DD25555D9500F248FC;
					};
				};
			};
			buildConfigurationList = 3ECBA4D925555D9500F248FC /* Build configuration list for PBXProject "Photo-app" */;
			compatibilityVersion = "Xcode 9.3";
			developmentRegion = en;
			hasScannedForEncodings = 0;
			knownRegions = (
				en,
				Base,
			);
			mainGroup = 3ECBA4D525555D9500F248FC;
			productRefGroup = 3ECBA4DF25555D9500F248FC /* Products */;
			projectDirPath = "";
			projectRoot = "";
			targets = (
				3ECBA4DD25555D9500F248FC /* Photo-app */,
				3ECBA4F325555D9D00F248FC /* Photo-appTests */,
			);
		};
/* End PBXProject section */

/* Begin PBXResourcesBuildPhase section */
		3ECBA4DC25555D9500F248FC /* Resources */ = {
			isa = PBXResourcesBuildPhase;
			buildActionMask = 2147483647;
			files = (
				3ECBA4EE25555D9D00F248FC /* LaunchScreen.storyboard in Resources */,
				3ECBA4EB25555D9D00F248FC /* Assets.xcassets in Resources */,
				3ECBA4E925555D9500F248FC /* Main.storyboard in Resources */,
			);
			runOnlyForDeploymentPostprocessing = 0;
		};
		3ECBA4F225555D9D00F248FC /* Resources */ = {
			isa = PBXResourcesBuildPhase;
			buildActionMask = 2147483647;
			files = (
			);
			runOnlyForDeploymentPostprocessing = 0;
		};
/* End PBXResourcesBuildPhase section */

/* Begin PBXSourcesBuildPhase section */
		3ECBA4DA25555D9500F248FC /* Sources */ = {
			isa = PBXSourcesBuildPhase;
			buildActionMask = 2147483647;
			files = (
				3ECBA4E625555D9500F248FC /* ViewController.swift in Sources */,
				3ECBA4E225555D9500F248FC /* AppDelegate.swift in Sources */,
				3ECBA52B2555988B00F248FC /* SignupFormModelValidatorTests.swift in Sources */,
				3ECBA4E425555D9500F248FC /* SceneDelegate.swift in Sources */,
			);
			runOnlyForDeploymentPostprocessing = 0;
		};
		3ECBA4F025555D9D00F248FC /* Sources */ = {
			isa = PBXSourcesBuildPhase;
			buildActionMask = 2147483647;
			files = (
				3ECBA5232555977300F248FC /* SignupFormModelValidatorTests.swift in Sources */,
			);
			runOnlyForDeploymentPostprocessing = 0;
		};
/* End PBXSourcesBuildPhase section */

/* Begin PBXTargetDependency section */
		3ECBA4F625555D9D00F248FC /* PBXTargetDependency */ = {
			isa = PBXTargetDependency;
			target = 3ECBA4DD25555D9500F248FC /* Photo-app */;
			targetProxy = 3ECBA4F525555D9D00F248FC /* PBXContainerItemProxy */;
		};
/* End PBXTargetDependency section */

/* Begin PBXVariantGroup section */
		3ECBA4E725555D9500F248FC /* Main.storyboard */ = {
			isa = PBXVariantGroup;
			children = (
				3ECBA4E825555D9500F248FC /* Base */,
			);
			name = Main.storyboard;
			sourceTree = "<group>";
		};
		3ECBA4EC25555D9D00F248FC /* LaunchScreen.storyboard */ = {
			isa = PBXVariantGroup;
			children = (
				3ECBA4ED25555D9D00F248FC /* Base */,
			);
			name = LaunchScreen.storyboard;
			sourceTree = "<group>";
		};
/* End PBXVariantGroup section */

/* Begin XCBuildConfiguration section */
		3ECBA50625555D9D00F248FC /* Debug */ = {
			isa = XCBuildConfiguration;
			buildSettings = {
				ALWAYS_SEARCH_USER_PATHS = NO;
				CLANG_ANALYZER_NONNULL = YES;
				CLANG_ANALYZER_NUMBER_OBJECT_CONVERSION = YES_AGGRESSIVE;
				CLANG_CXX_LANGUAGE_STANDARD = "gnu++14";
				CLANG_CXX_LIBRARY = "libc++";
				CLANG_ENABLE_MODULES = YES;
				CLANG_ENABLE_OBJC_ARC = YES;
				CLANG_ENABLE_OBJC_WEAK = YES;
				CLANG_WARN_BLOCK_CAPTURE_AUTORELEASING = YES;
				CLANG_WARN_BOOL_CONVERSION = YES;
				CLANG_WARN_COMMA = YES;
				CLANG_WARN_CONSTANT_CONVERSION = YES;
				CLANG_WARN_DEPRECATED_OBJC_IMPLEMENTATIONS = YES;
				CLANG_WARN_DIRECT_OBJC_ISA_USAGE = YES_ERROR;
				CLANG_WARN_DOCUMENTATION_COMMENTS = YES;
				CLANG_WARN_EMPTY_BODY = YES;
				CLANG_WARN_ENUM_CONVERSION = YES;
				CLANG_WARN_INFINITE_RECURSION = YES;
				CLANG_WARN_INT_CONVERSION = YES;
				CLANG_WARN_NON_LITERAL_NULL_CONVERSION = YES;
				CLANG_WARN_OBJC_IMPLICIT_RETAIN_SELF = YES;
				CLANG_WARN_OBJC_LITERAL_CONVERSION = YES;
				CLANG_WARN_OBJC_ROOT_CLASS = YES_ERROR;
				CLANG_WARN_QUOTED_INCLUDE_IN_FRAMEWORK_HEADER = YES;
				CLANG_WARN_RANGE_LOOP_ANALYSIS = YES;
				CLANG_WARN_STRICT_PROTOTYPES = YES;
				CLANG_WARN_SUSPICIOUS_MOVE = YES;
				CLANG_WARN_UNGUARDED_AVAILABILITY = YES_AGGRESSIVE;
				CLANG_WARN_UNREACHABLE_CODE = YES;
				CLANG_WARN__DUPLICATE_METHOD_MATCH = YES;
				COPY_PHASE_STRIP = NO;
				DEBUG_INFORMATION_FORMAT = dwarf;
				ENABLE_STRICT_OBJC_MSGSEND = YES;
				ENABLE_TESTABILITY = YES;
				GCC_C_LANGUAGE_STANDARD = gnu11;
				GCC_DYNAMIC_NO_PIC = NO;
				GCC_NO_COMMON_BLOCKS = YES;
				GCC_OPTIMIZATION_LEVEL = 0;
				GCC_PREPROCESSOR_DEFINITIONS = (
					"DEBUG=1",
					"$(inherited)",
				);
				GCC_WARN_64_TO_32_BIT_CONVERSION = YES;
				GCC_WARN_ABOUT_RETURN_TYPE = YES_ERROR;
				GCC_WARN_UNDECLARED_SELECTOR = YES;
				GCC_WARN_UNINITIALIZED_AUTOS = YES_AGGRESSIVE;
				GCC_WARN_UNUSED_FUNCTION = YES;
				GCC_WARN_UNUSED_VARIABLE = YES;
				IPHONEOS_DEPLOYMENT_TARGET = 14.1;
				MTL_ENABLE_DEBUG_INFO = INCLUDE_SOURCE;
				MTL_FAST_MATH = YES;
				ONLY_ACTIVE_ARCH = YES;
				SDKROOT = iphoneos;
				SWIFT_ACTIVE_COMPILATION_CONDITIONS = DEBUG;
				SWIFT_OPTIMIZATION_LEVEL = "-Onone";
			};
			name = Debug;
		};
		3ECBA50725555D9D00F248FC /* Release */ = {
			isa = XCBuildConfiguration;
			buildSettings = {
				ALWAYS_SEARCH_USER_PATHS = NO;
				CLANG_ANALYZER_NONNULL = YES;
				CLANG_ANALYZER_NUMBER_OBJECT_CONVERSION = YES_AGGRESSIVE;
				CLANG_CXX_LANGUAGE_STANDARD = "gnu++14";
				CLANG_CXX_LIBRARY = "libc++";
				CLANG_ENABLE_MODULES = YES;
				CLANG_ENABLE_OBJC_ARC = YES;
				CLANG_ENABLE_OBJC_WEAK = YES;
				CLANG_WARN_BLOCK_CAPTURE_AUTORELEASING = YES;
				CLANG_WARN_BOOL_CONVERSION = YES;
				CLANG_WARN_COMMA = YES;
				CLANG_WARN_CONSTANT_CONVERSION = YES;
				CLANG_WARN_DEPRECATED_OBJC_IMPLEMENTATIONS = YES;
				CLANG_WARN_DIRECT_OBJC_ISA_USAGE = YES_ERROR;
				CLANG_WARN_DOCUMENTATION_COMMENTS = YES;
				CLANG_WARN_EMPTY_BODY = YES;
				CLANG_WARN_ENUM_CONVERSION = YES;
				CLANG_WARN_INFINITE_RECURSION = YES;
				CLANG_WARN_INT_CONVERSION = YES;
				CLANG_WARN_NON_LITERAL_NULL_CONVERSION = YES;
				CLANG_WARN_OBJC_IMPLICIT_RETAIN_SELF = YES;
				CLANG_WARN_OBJC_LITERAL_CONVERSION = YES;
				CLANG_WARN_OBJC_ROOT_CLASS = YES_ERROR;
				CLANG_WARN_QUOTED_INCLUDE_IN_FRAMEWORK_HEADER = YES;
				CLANG_WARN_RANGE_LOOP_ANALYSIS = YES;
				CLANG_WARN_STRICT_PROTOTYPES = YES;
				CLANG_WARN_SUSPICIOUS_MOVE = YES;
				CLANG_WARN_UNGUARDED_AVAILABILITY = YES_AGGRESSIVE;
				CLANG_WARN_UNREACHABLE_CODE = YES;
				CLANG_WARN__DUPLICATE_METHOD_MATCH = YES;
				COPY_PHASE_STRIP = NO;
				DEBUG_INFORMATION_FORMAT = "dwarf-with-dsym";
				ENABLE_NS_ASSERTIONS = NO;
				ENABLE_STRICT_OBJC_MSGSEND = YES;
				GCC_C_LANGUAGE_STANDARD = gnu11;
				GCC_NO_COMMON_BLOCKS = YES;
				GCC_WARN_64_TO_32_BIT_CONVERSION = YES;
				GCC_WARN_ABOUT_RETURN_TYPE = YES_ERROR;
				GCC_WARN_UNDECLARED_SELECTOR = YES;
				GCC_WARN_UNINITIALIZED_AUTOS = YES_AGGRESSIVE;
				GCC_WARN_UNUSED_FUNCTION = YES;
				GCC_WARN_UNUSED_VARIABLE = YES;
				IPHONEOS_DEPLOYMENT_TARGET = 14.1;
				MTL_ENABLE_DEBUG_INFO = NO;
				MTL_FAST_MATH = YES;
				SDKROOT = iphoneos;
				SWIFT_COMPILATION_MODE = wholemodule;
				SWIFT_OPTIMIZATION_LEVEL = "-O";
				VALIDATE_PRODUCT = YES;
			};
			name = Release;
		};
		3ECBA50925555D9D00F248FC /* Debug */ = {
			isa = XCBuildConfiguration;
			buildSettings = {
				ASSETCATALOG_COMPILER_APPICON_NAME = AppIcon;
				ASSETCATALOG_COMPILER_GLOBAL_ACCENT_COLOR_NAME = AccentColor;
				CODE_SIGN_IDENTITY = "Apple Development";
				CODE_SIGN_STYLE = Automatic;
				DEVELOPMENT_TEAM = HDTU9FG82U;
				INFOPLIST_FILE = "Photo-app/Info.plist";
				LD_RUNPATH_SEARCH_PATHS = (
					"$(inherited)",
					"@executable_path/Frameworks",
				);
				PRODUCT_BUNDLE_IDENTIFIER = "calvin087.Photo-app";
				PRODUCT_NAME = "$(TARGET_NAME)";
				PROVISIONING_PROFILE_SPECIFIER = "";
				SWIFT_VERSION = 5.0;
				TARGETED_DEVICE_FAMILY = "1,2";
			};
			name = Debug;
		};
		3ECBA50A25555D9D00F248FC /* Release */ = {
			isa = XCBuildConfiguration;
			buildSettings = {
				ASSETCATALOG_COMPILER_APPICON_NAME = AppIcon;
				ASSETCATALOG_COMPILER_GLOBAL_ACCENT_COLOR_NAME = AccentColor;
				CODE_SIGN_IDENTITY = "Apple Development";
				CODE_SIGN_STYLE = Automatic;
				DEVELOPMENT_TEAM = HDTU9FG82U;
				INFOPLIST_FILE = "Photo-app/Info.plist";
				LD_RUNPATH_SEARCH_PATHS = (
					"$(inherited)",
					"@executable_path/Frameworks",
				);
				PRODUCT_BUNDLE_IDENTIFIER = "calvin087.Photo-app";
				PRODUCT_NAME = "$(TARGET_NAME)";
				PROVISIONING_PROFILE_SPECIFIER = "";
				SWIFT_VERSION = 5.0;
				TARGETED_DEVICE_FAMILY = "1,2";
			};
			name = Release;
		};
		3ECBA50C25555D9D00F248FC /* Debug */ = {
			isa = XCBuildConfiguration;
			buildSettings = {
				ALWAYS_EMBED_SWIFT_STANDARD_LIBRARIES = YES;
				BUNDLE_LOADER = "$(TEST_HOST)";
				CLANG_ENABLE_MODULES = YES;
				"CODE_SIGN_IDENTITY[sdk=macosx*]" = "-";
				CODE_SIGN_STYLE = Automatic;
				DEVELOPMENT_TEAM = HDTU9FG82U;
				INFOPLIST_FILE = "Photo-appTests/Info.plist";
				IPHONEOS_DEPLOYMENT_TARGET = 14.1;
				LD_RUNPATH_SEARCH_PATHS = (
					"$(inherited)",
					"@executable_path/Frameworks",
					"@loader_path/Frameworks",
				);
				PRODUCT_BUNDLE_IDENTIFIER = "calvin087.Photo-appTests";
				PRODUCT_NAME = "$(TARGET_NAME)";
				SWIFT_OPTIMIZATION_LEVEL = "-Onone";
				SWIFT_VERSION = 5.0;
				TARGETED_DEVICE_FAMILY = "1,2";
				TEST_HOST = "$(BUILT_PRODUCTS_DIR)/Photo-app.app/Photo-app";
			};
			name = Debug;
		};
		3ECBA50D25555D9D00F248FC /* Release */ = {
			isa = XCBuildConfiguration;
			buildSettings = {
				ALWAYS_EMBED_SWIFT_STANDARD_LIBRARIES = YES;
				BUNDLE_LOADER = "$(TEST_HOST)";
				CLANG_ENABLE_MODULES = YES;
				"CODE_SIGN_IDENTITY[sdk=macosx*]" = "-";
				CODE_SIGN_STYLE = Automatic;
				DEVELOPMENT_TEAM = HDTU9FG82U;
				INFOPLIST_FILE = "Photo-appTests/Info.plist";
				IPHONEOS_DEPLOYMENT_TARGET = 14.1;
				LD_RUNPATH_SEARCH_PATHS = (
					"$(inherited)",
					"@executable_path/Frameworks",
					"@loader_path/Frameworks",
				);
				PRODUCT_BUNDLE_IDENTIFIER = "calvin087.Photo-appTests";
				PRODUCT_NAME = "$(TARGET_NAME)";
				SWIFT_VERSION = 5.0;
				TARGETED_DEVICE_FAMILY = "1,2";
				TEST_HOST = "$(BUILT_PRODUCTS_DIR)/Photo-app.app/Photo-app";
			};
			name = Release;
		};
/* End XCBuildConfiguration section */

/* Begin XCConfigurationList section */
		3ECBA4D925555D9500F248FC /* Build configuration list for PBXProject "Photo-app" */ = {
			isa = XCConfigurationList;
			buildConfigurations = (
				3ECBA50625555D9D00F248FC /* Debug */,
				3ECBA50725555D9D00F248FC /* Release */,
			);
			defaultConfigurationIsVisible = 0;
			defaultConfigurationName = Release;
		};
		3ECBA50825555D9D00F248FC /* Build configuration list for PBXNativeTarget "Photo-app" */ = {
			isa = XCConfigurationList;
			buildConfigurations = (
				3ECBA50925555D9D00F248FC /* Debug */,
				3ECBA50A25555D9D00F248FC /* Release */,
			);
			defaultConfigurationIsVisible = 0;
			defaultConfigurationName = Release;
		};
		3ECBA50B25555D9D00F248FC /* Build configuration list for PBXNativeTarget "Photo-appTests" */ = {
			isa = XCConfigurationList;
			buildConfigurations = (
				3ECBA50C25555D9D00F248FC /* Debug */,
				3ECBA50D25555D9D00F248FC /* Release */,
			);
			defaultConfigurationIsVisible = 0;
			defaultConfigurationName = Release;
		};
/* End XCConfigurationList section */
	};
	rootObject = 3ECBA4D625555D9500F248FC /* Project object */;
}
